
Microsoft Visual Studio Solution File, Format Version 12.00
# Visual Studio Version 17
VisualStudioVersion = 17.14.36408.4 d17.14
MinimumVisualStudioVersion = 10.0.40219.1
Project("{FAE04EC0-301F-11D3-BF4B-00C04F79EFBC}") = "QMCWebApp", "QMCWebApp\QMCWebApp.csproj", "{0BCB484C-02B8-42F6-8CDF-03A2BE99CD40}"
EndProject
Global
	GlobalSection(SolutionConfigurationPlatforms) = preSolution
		Debug|Any CPU = Debug|Any CPU
		Release|Any CPU = Release|Any CPU
	EndGlobalSection
	GlobalSection(ProjectConfigurationPlatforms) = postSolution
		{0BCB484C-02B8-42F6-8CDF-03A2BE99CD40}.Debug|Any CPU.ActiveCfg = Debug|Any CPU
		{0BCB484C-02B8-42F6-8CDF-03A2BE99CD40}.Debug|Any CPU.Build.0 = Debug|Any CPU
		{0BCB484C-02B8-42F6-8CDF-03A2BE99CD40}.Release|Any CPU.ActiveCfg = Release|Any CPU
		{0BCB484C-02B8-42F6-8CDF-03A2BE99CD40}.Release|Any CPU.Build.0 = Release|Any CPU
	EndGlobalSection
	GlobalSection(SolutionProperties) = preSolution
		HideSolutionNode = FALSE
	EndGlobalSection
	GlobalSection(ExtensibilityGlobals) = postSolution
		SolutionGuid = {3A2EEFCE-7FFE-4FAC-B4A2-E7D4D66C0C52}
	EndGlobalSection
EndGlobal
